// !$*UTF8*$!
{
	archiveVersion = 1;
	classes = {
	};
	objectVersion = 48;
	objects = {

/* Begin PBXBuildFile section */
		733A8C42205F011E0028AF3C /* Feep.framework in Frameworks */ = {isa = PBXBuildFile; fileRef = 733A8C38205F011D0028AF3C /* Feep.framework */; };
		733A8C47205F011E0028AF3C /* FeepTests.swift in Sources */ = {isa = PBXBuildFile; fileRef = 733A8C46205F011E0028AF3C /* FeepTests.swift */; };
		733A8C53205F02210028AF3C /* ForwardApplication.swift in Sources */ = {isa = PBXBuildFile; fileRef = 733A8C52205F02210028AF3C /* ForwardApplication.swift */; };
		733A8C55205F037A0028AF3C /* ForwardCompose.swift in Sources */ = {isa = PBXBuildFile; fileRef = 733A8C54205F037A0028AF3C /* ForwardCompose.swift */; };
/* End PBXBuildFile section */

/* Begin PBXContainerItemProxy section */
		733A8C43205F011E0028AF3C /* PBXContainerItemProxy */ = {
			isa = PBXContainerItemProxy;
			containerPortal = 733A8C2F205F011D0028AF3C /* Project object */;
			proxyType = 1;
			remoteGlobalIDString = 733A8C37205F011D0028AF3C;
			remoteInfo = Feep;
		};
/* End PBXContainerItemProxy section */

/* Begin PBXFileReference section */
		733A8C38205F011D0028AF3C /* Feep.framework */ = {isa = PBXFileReference; explicitFileType = wrapper.framework; includeInIndex = 0; path = Feep.framework; sourceTree = BUILT_PRODUCTS_DIR; };
		733A8C3C205F011E0028AF3C /* Info.plist */ = {isa = PBXFileReference; lastKnownFileType = text.plist.xml; path = Info.plist; sourceTree = "<group>"; };
		733A8C41205F011E0028AF3C /* FeepTests.xctest */ = {isa = PBXFileReference; explicitFileType = wrapper.cfbundle; includeInIndex = 0; path = FeepTests.xctest; sourceTree = BUILT_PRODUCTS_DIR; };
		733A8C46205F011E0028AF3C /* FeepTests.swift */ = {isa = PBXFileReference; lastKnownFileType = sourcecode.swift; path = FeepTests.swift; sourceTree = "<group>"; };
		733A8C48205F011E0028AF3C /* TestsInfo.plist */ = {isa = PBXFileReference; lastKnownFileType = text.plist.xml; path = TestsInfo.plist; sourceTree = "<group>"; };
		733A8C52205F02210028AF3C /* ForwardApplication.swift */ = {isa = PBXFileReference; lastKnownFileType = sourcecode.swift; path = ForwardApplication.swift; sourceTree = "<group>"; };
		733A8C54205F037A0028AF3C /* ForwardCompose.swift */ = {isa = PBXFileReference; lastKnownFileType = sourcecode.swift; path = ForwardCompose.swift; sourceTree = "<group>"; };
/* End PBXFileReference section */

/* Begin PBXFrameworksBuildPhase section */
		733A8C34205F011D0028AF3C /* Frameworks */ = {
			isa = PBXFrameworksBuildPhase;
			buildActionMask = 2147483647;
			files = (
			);
			runOnlyForDeploymentPostprocessing = 0;
		};
		733A8C3E205F011E0028AF3C /* Frameworks */ = {
			isa = PBXFrameworksBuildPhase;
			buildActionMask = 2147483647;
			files = (
				733A8C42205F011E0028AF3C /* Feep.framework in Frameworks */,
			);
			runOnlyForDeploymentPostprocessing = 0;
		};
/* End PBXFrameworksBuildPhase section */

/* Begin PBXGroup section */
		733A8C2E205F011D0028AF3C = {
			isa = PBXGroup;
			children = (
				733A8C3C205F011E0028AF3C /* Info.plist */,
				733A8C48205F011E0028AF3C /* TestsInfo.plist */,
				733A8C3A205F011D0028AF3C /* Sources */,
				733A8C45205F011E0028AF3C /* Tests */,
				733A8C39205F011D0028AF3C /* Products */,
			);
			sourceTree = "<group>";
		};
		733A8C39205F011D0028AF3C /* Products */ = {
			isa = PBXGroup;
			children = (
				733A8C38205F011D0028AF3C /* Feep.framework */,
				733A8C41205F011E0028AF3C /* FeepTests.xctest */,
			);
			name = Products;
			sourceTree = "<group>";
		};
		733A8C3A205F011D0028AF3C /* Sources */ = {
			isa = PBXGroup;
			children = (
				733A8C52205F02210028AF3C /* ForwardApplication.swift */,
				733A8C54205F037A0028AF3C /* ForwardCompose.swift */,
			);
			name = Sources;
			path = ../Sources;
			sourceTree = "<group>";
		};
		733A8C45205F011E0028AF3C /* Tests */ = {
			isa = PBXGroup;
			children = (
				733A8C46205F011E0028AF3C /* FeepTests.swift */,
			);
			name = Tests;
			path = ../Tests;
			sourceTree = "<group>";
		};
/* End PBXGroup section */

/* Begin PBXHeadersBuildPhase section */
		733A8C35205F011D0028AF3C /* Headers */ = {
			isa = PBXHeadersBuildPhase;
			buildActionMask = 2147483647;
			files = (
			);
			runOnlyForDeploymentPostprocessing = 0;
		};
/* End PBXHeadersBuildPhase section */

/* Begin PBXNativeTarget section */
		733A8C37205F011D0028AF3C /* Feep */ = {
			isa = PBXNativeTarget;
			buildConfigurationList = 733A8C4C205F011E0028AF3C /* Build configuration list for PBXNativeTarget "Feep" */;
			buildPhases = (
				733A8C33205F011D0028AF3C /* Sources */,
				733A8C34205F011D0028AF3C /* Frameworks */,
				733A8C35205F011D0028AF3C /* Headers */,
				733A8C36205F011D0028AF3C /* Resources */,
			);
			buildRules = (
			);
			dependencies = (
			);
			name = Feep;
			productName = Feep;
			productReference = 733A8C38205F011D0028AF3C /* Feep.framework */;
			productType = "com.apple.product-type.framework";
		};
		733A8C40205F011E0028AF3C /* FeepTests */ = {
			isa = PBXNativeTarget;
			buildConfigurationList = 733A8C4F205F011E0028AF3C /* Build configuration list for PBXNativeTarget "FeepTests" */;
			buildPhases = (
				733A8C3D205F011E0028AF3C /* Sources */,
				733A8C3E205F011E0028AF3C /* Frameworks */,
				733A8C3F205F011E0028AF3C /* Resources */,
			);
			buildRules = (
			);
			dependencies = (
				733A8C44205F011E0028AF3C /* PBXTargetDependency */,
			);
			name = FeepTests;
			productName = FeepTests;
			productReference = 733A8C41205F011E0028AF3C /* FeepTests.xctest */;
			productType = "com.apple.product-type.bundle.unit-test";
		};
/* End PBXNativeTarget section */

/* Begin PBXProject section */
		733A8C2F205F011D0028AF3C /* Project object */ = {
			isa = PBXProject;
			attributes = {
				LastSwiftUpdateCheck = 0920;
				LastUpgradeCheck = 0920;
				ORGANIZATIONNAME = MCMXCIX;
				TargetAttributes = {
					733A8C37205F011D0028AF3C = {
						CreatedOnToolsVersion = 9.2;
						LastSwiftMigration = 0920;
						ProvisioningStyle = Automatic;
					};
					733A8C40205F011E0028AF3C = {
						CreatedOnToolsVersion = 9.2;
						ProvisioningStyle = Automatic;
					};
				};
			};
			buildConfigurationList = 733A8C32205F011D0028AF3C /* Build configuration list for PBXProject "Feep" */;
			compatibilityVersion = "Xcode 8.0";
			developmentRegion = en;
			hasScannedForEncodings = 0;
			knownRegions = (
				en,
			);
			mainGroup = 733A8C2E205F011D0028AF3C;
			productRefGroup = 733A8C39205F011D0028AF3C /* Products */;
			projectDirPath = "";
			projectRoot = "";
			targets = (
				733A8C37205F011D0028AF3C /* Feep */,
				733A8C40205F011E0028AF3C /* FeepTests */,
			);
		};
/* End PBXProject section */

/* Begin PBXResourcesBuildPhase section */
		733A8C36205F011D0028AF3C /* Resources */ = {
			isa = PBXResourcesBuildPhase;
			buildActionMask = 2147483647;
			files = (
			);
			runOnlyForDeploymentPostprocessing = 0;
		};
		733A8C3F205F011E0028AF3C /* Resources */ = {
			isa = PBXResourcesBuildPhase;
			buildActionMask = 2147483647;
			files = (
			);
			runOnlyForDeploymentPostprocessing = 0;
		};
/* End PBXResourcesBuildPhase section */

/* Begin PBXSourcesBuildPhase section */
		733A8C33205F011D0028AF3C /* Sources */ = {
			isa = PBXSourcesBuildPhase;
			buildActionMask = 2147483647;
			files = (
				733A8C55205F037A0028AF3C /* ForwardCompose.swift in Sources */,
				733A8C53205F02210028AF3C /* ForwardApplication.swift in Sources */,
			);
			runOnlyForDeploymentPostprocessing = 0;
		};
		733A8C3D205F011E0028AF3C /* Sources */ = {
			isa = PBXSourcesBuildPhase;
			buildActionMask = 2147483647;
			files = (
				733A8C47205F011E0028AF3C /* FeepTests.swift in Sources */,
			);
			runOnlyForDeploymentPostprocessing = 0;
		};
/* End PBXSourcesBuildPhase section */

/* Begin PBXTargetDependency section */
		733A8C44205F011E0028AF3C /* PBXTargetDependency */ = {
			isa = PBXTargetDependency;
			target = 733A8C37205F011D0028AF3C /* Feep */;
			targetProxy = 733A8C43205F011E0028AF3C /* PBXContainerItemProxy */;
		};
/* End PBXTargetDependency section */

/* Begin XCBuildConfiguration section */
		733A8C4A205F011E0028AF3C /* Debug */ = {
			isa = XCBuildConfiguration;
			buildSettings = {
				ALWAYS_SEARCH_USER_PATHS = NO;
				CLANG_ANALYZER_NONNULL = YES;
				CLANG_ANALYZER_NUMBER_OBJECT_CONVERSION = YES_AGGRESSIVE;
				CLANG_CXX_LANGUAGE_STANDARD = "gnu++14";
				CLANG_CXX_LIBRARY = "libc++";
				CLANG_ENABLE_MODULES = YES;
				CLANG_ENABLE_OBJC_ARC = YES;
				CLANG_WARN_BLOCK_CAPTURE_AUTORELEASING = YES;
				CLANG_WARN_BOOL_CONVERSION = YES;
				CLANG_WARN_COMMA = YES;
				CLANG_WARN_CONSTANT_CONVERSION = YES;
				CLANG_WARN_DIRECT_OBJC_ISA_USAGE = YES_ERROR;
				CLANG_WARN_DOCUMENTATION_COMMENTS = YES;
				CLANG_WARN_EMPTY_BODY = YES;
				CLANG_WARN_ENUM_CONVERSION = YES;
				CLANG_WARN_INFINITE_RECURSION = YES;
				CLANG_WARN_INT_CONVERSION = YES;
				CLANG_WARN_NON_LITERAL_NULL_CONVERSION = YES;
				CLANG_WARN_OBJC_LITERAL_CONVERSION = YES;
				CLANG_WARN_OBJC_ROOT_CLASS = YES_ERROR;
				CLANG_WARN_RANGE_LOOP_ANALYSIS = YES;
				CLANG_WARN_STRICT_PROTOTYPES = YES;
				CLANG_WARN_SUSPICIOUS_MOVE = YES;
				CLANG_WARN_UNGUARDED_AVAILABILITY = YES_AGGRESSIVE;
				CLANG_WARN_UNREACHABLE_CODE = YES;
				CLANG_WARN__DUPLICATE_METHOD_MATCH = YES;
				CODE_SIGN_IDENTITY = "iPhone Developer";
				COPY_PHASE_STRIP = NO;
				CURRENT_PROJECT_VERSION = 1;
				DEBUG_INFORMATION_FORMAT = dwarf;
				ENABLE_STRICT_OBJC_MSGSEND = YES;
				ENABLE_TESTABILITY = YES;
				GCC_C_LANGUAGE_STANDARD = gnu11;
				GCC_DYNAMIC_NO_PIC = NO;
				GCC_NO_COMMON_BLOCKS = YES;
				GCC_OPTIMIZATION_LEVEL = 0;
				GCC_PREPROCESSOR_DEFINITIONS = (
					"DEBUG=1",
					"$(inherited)",
				);
				GCC_WARN_64_TO_32_BIT_CONVERSION = YES;
				GCC_WARN_ABOUT_RETURN_TYPE = YES_ERROR;
				GCC_WARN_UNDECLARED_SELECTOR = YES;
				GCC_WARN_UNINITIALIZED_AUTOS = YES_AGGRESSIVE;
				GCC_WARN_UNUSED_FUNCTION = YES;
				GCC_WARN_UNUSED_VARIABLE = YES;
				IPHONEOS_DEPLOYMENT_TARGET = 11.2;
				MTL_ENABLE_DEBUG_INFO = YES;
				ONLY_ACTIVE_ARCH = YES;
				SDKROOT = iphoneos;
				SWIFT_ACTIVE_COMPILATION_CONDITIONS = DEBUG;
				SWIFT_OPTIMIZATION_LEVEL = "-Onone";
				VERSIONING_SYSTEM = "apple-generic";
				VERSION_INFO_PREFIX = "";
			};
			name = Debug;
		};
		733A8C4B205F011E0028AF3C /* Release */ = {
			isa = XCBuildConfiguration;
			buildSettings = {
				ALWAYS_SEARCH_USER_PATHS = NO;
				CLANG_ANALYZER_NONNULL = YES;
				CLANG_ANALYZER_NUMBER_OBJECT_CONVERSION = YES_AGGRESSIVE;
				CLANG_CXX_LANGUAGE_STANDARD = "gnu++14";
				CLANG_CXX_LIBRARY = "libc++";
				CLANG_ENABLE_MODULES = YES;
				CLANG_ENABLE_OBJC_ARC = YES;
				CLANG_WARN_BLOCK_CAPTURE_AUTORELEASING = YES;
				CLANG_WARN_BOOL_CONVERSION = YES;
				CLANG_WARN_COMMA = YES;
				CLANG_WARN_CONSTANT_CONVERSION = YES;
				CLANG_WARN_DIRECT_OBJC_ISA_USAGE = YES_ERROR;
				CLANG_WARN_DOCUMENTATION_COMMENTS = YES;
				CLANG_WARN_EMPTY_BODY = YES;
				CLANG_WARN_ENUM_CONVERSION = YES;
				CLANG_WARN_INFINITE_RECURSION = YES;
				CLANG_WARN_INT_CONVERSION = YES;
				CLANG_WARN_NON_LITERAL_NULL_CONVERSION = YES;
				CLANG_WARN_OBJC_LITERAL_CONVERSION = YES;
				CLANG_WARN_OBJC_ROOT_CLASS = YES_ERROR;
				CLANG_WARN_RANGE_LOOP_ANALYSIS = YES;
				CLANG_WARN_STRICT_PROTOTYPES = YES;
				CLANG_WARN_SUSPICIOUS_MOVE = YES;
				CLANG_WARN_UNGUARDED_AVAILABILITY = YES_AGGRESSIVE;
				CLANG_WARN_UNREACHABLE_CODE = YES;
				CLANG_WARN__DUPLICATE_METHOD_MATCH = YES;
				CODE_SIGN_IDENTITY = "iPhone Developer";
				COPY_PHASE_STRIP = NO;
				CURRENT_PROJECT_VERSION = 1;
				DEBUG_INFORMATION_FORMAT = "dwarf-with-dsym";
				ENABLE_NS_ASSERTIONS = NO;
				ENABLE_STRICT_OBJC_MSGSEND = YES;
				GCC_C_LANGUAGE_STANDARD = gnu11;
				GCC_NO_COMMON_BLOCKS = YES;
				GCC_WARN_64_TO_32_BIT_CONVERSION = YES;
				GCC_WARN_ABOUT_RETURN_TYPE = YES_ERROR;
				GCC_WARN_UNDECLARED_SELECTOR = YES;
				GCC_WARN_UNINITIALIZED_AUTOS = YES_AGGRESSIVE;
				GCC_WARN_UNUSED_FUNCTION = YES;
				GCC_WARN_UNUSED_VARIABLE = YES;
				IPHONEOS_DEPLOYMENT_TARGET = 11.2;
				MTL_ENABLE_DEBUG_INFO = NO;
				SDKROOT = iphoneos;
				SWIFT_OPTIMIZATION_LEVEL = "-Owholemodule";
				VALIDATE_PRODUCT = YES;
				VERSIONING_SYSTEM = "apple-generic";
				VERSION_INFO_PREFIX = "";
			};
			name = Release;
		};
		733A8C4D205F011E0028AF3C /* Debug */ = {
			isa = XCBuildConfiguration;
			buildSettings = {
				CLANG_ENABLE_MODULES = YES;
				CODE_SIGN_IDENTITY = "";
				CODE_SIGN_STYLE = Automatic;
				DEFINES_MODULE = YES;
				DEVELOPMENT_TEAM = D4565GL3HE;
				DYLIB_COMPATIBILITY_VERSION = 1;
				DYLIB_CURRENT_VERSION = 1;
				DYLIB_INSTALL_NAME_BASE = "@rpath";
				INFOPLIST_FILE = Info.plist;
				INSTALL_PATH = "$(LOCAL_LIBRARY_DIR)/Frameworks";
				IPHONEOS_DEPLOYMENT_TARGET = 9.0;
				LD_RUNPATH_SEARCH_PATHS = "$(inherited) @executable_path/Frameworks @loader_path/Frameworks";
				PRODUCT_BUNDLE_IDENTIFIER = com.mcmxcix.Feep;
				PRODUCT_NAME = "$(TARGET_NAME:c99extidentifier)";
				SKIP_INSTALL = YES;
				SWIFT_OPTIMIZATION_LEVEL = "-Onone";
				SWIFT_VERSION = 4.0;
				TARGETED_DEVICE_FAMILY = "1,2";
			};
			name = Debug;
		};
		733A8C4E205F011E0028AF3C /* Release */ = {
			isa = XCBuildConfiguration;
			buildSettings = {
				CLANG_ENABLE_MODULES = YES;
				CODE_SIGN_IDENTITY = "";
				CODE_SIGN_STYLE = Automatic;
				DEFINES_MODULE = YES;
				DEVELOPMENT_TEAM = D4565GL3HE;
				DYLIB_COMPATIBILITY_VERSION = 1;
				DYLIB_CURRENT_VERSION = 1;
				DYLIB_INSTALL_NAME_BASE = "@rpath";
				INFOPLIST_FILE = Info.plist;
				INSTALL_PATH = "$(LOCAL_LIBRARY_DIR)/Frameworks";
				IPHONEOS_DEPLOYMENT_TARGET = 9.0;
				LD_RUNPATH_SEARCH_PATHS = "$(inherited) @executable_path/Frameworks @loader_path/Frameworks";
				PRODUCT_BUNDLE_IDENTIFIER = com.mcmxcix.Feep;
				PRODUCT_NAME = "$(TARGET_NAME:c99extidentifier)";
				SKIP_INSTALL = YES;
				SWIFT_VERSION = 4.0;
				TARGETED_DEVICE_FAMILY = "1,2";
			};
			name = Release;
		};
		733A8C50205F011E0028AF3C /* Debug */ = {
			isa = XCBuildConfiguration;
			buildSettings = {
				ALWAYS_EMBED_SWIFT_STANDARD_LIBRARIES = YES;
				CODE_SIGN_STYLE = Automatic;
				DEVELOPMENT_TEAM = D4565GL3HE;
				INFOPLIST_FILE = TestsInfo.plist;
				LD_RUNPATH_SEARCH_PATHS = "$(inherited) @executable_path/Frameworks @loader_path/Frameworks";
				PRODUCT_BUNDLE_IDENTIFIER = com.mcmxcix.FeepTests;
				PRODUCT_NAME = "$(TARGET_NAME)";
				SWIFT_VERSION = 4.0;
				TARGETED_DEVICE_FAMILY = "1,2";
			};
			name = Debug;
		};
		733A8C51205F011E0028AF3C /* Release */ = {
			isa = XCBuildConfiguration;
			buildSettings = {
				ALWAYS_EMBED_SWIFT_STANDARD_LIBRARIES = YES;
				CODE_SIGN_STYLE = Automatic;
				DEVELOPMENT_TEAM = D4565GL3HE;
				INFOPLIST_FILE = TestsInfo.plist;
				LD_RUNPATH_SEARCH_PATHS = "$(inherited) @executable_path/Frameworks @loader_path/Frameworks";
				PRODUCT_BUNDLE_IDENTIFIER = com.mcmxcix.FeepTests;
				PRODUCT_NAME = "$(TARGET_NAME)";
				SWIFT_VERSION = 4.0;
				TARGETED_DEVICE_FAMILY = "1,2";
			};
			name = Release;
		};
/* End XCBuildConfiguration section */

/* Begin XCConfigurationList section */
		733A8C32205F011D0028AF3C /* Build configuration list for PBXProject "Feep" */ = {
			isa = XCConfigurationList;
			buildConfigurations = (
				733A8C4A205F011E0028AF3C /* Debug */,
				733A8C4B205F011E0028AF3C /* Release */,
			);
			defaultConfigurationIsVisible = 0;
			defaultConfigurationName = Release;
		};
		733A8C4C205F011E0028AF3C /* Build configuration list for PBXNativeTarget "Feep" */ = {
			isa = XCConfigurationList;
			buildConfigurations = (
				733A8C4D205F011E0028AF3C /* Debug */,
				733A8C4E205F011E0028AF3C /* Release */,
			);
			defaultConfigurationIsVisible = 0;
			defaultConfigurationName = Release;
		};
		733A8C4F205F011E0028AF3C /* Build configuration list for PBXNativeTarget "FeepTests" */ = {
			isa = XCConfigurationList;
			buildConfigurations = (
				733A8C50205F011E0028AF3C /* Debug */,
				733A8C51205F011E0028AF3C /* Release */,
			);
			defaultConfigurationIsVisible = 0;
			defaultConfigurationName = Release;
		};
/* End XCConfigurationList section */
	};
	rootObject = 733A8C2F205F011D0028AF3C /* Project object */;
}
